{
  "requires": true,
  "lockfileVersion": 1,
  "dependencies": {
    "cordova-plugin-file": {
      "version": "6.0.2",
      "resolved": "https://registry.npmjs.org/cordova-plugin-file/-/cordova-plugin-file-6.0.2.tgz",
      "integrity": "sha512-m7cughw327CjONN/qjzsTpSesLaeybksQh420/gRuSXJX5Zt9NfgsSbqqKDon6jnQ9Mm7h7imgyO2uJ34XMBtA=="
    }
  }
}
